
Microsoft Visual Studio Solution File, Format Version 12.00
# Visual Studio Version 16
VisualStudioVersion = 16.0.31005.135
MinimumVisualStudioVersion = 10.0.40219.1
Project("{9A19103F-16F7-4668-BE54-9A1E7A4F7556}") = "LineChatSlackHandler", "LineChatSlackHandler\LineChatSlackHandler.csproj", "{AE367161-7F16-4E85-9E20-1BA24AA64D62}"
EndProject
Global
	GlobalSection(SolutionConfigurationPlatforms) = preSolution
		Debug|Any CPU = Debug|Any CPU
		Release|Any CPU = Release|Any CPU
	EndGlobalSection
	GlobalSection(ProjectConfigurationPlatforms) = postSolution
		{AE367161-7F16-4E85-9E20-1BA24AA64D62}.Debug|Any CPU.ActiveCfg = Debug|Any CPU
		{AE367161-7F16-4E85-9E20-1BA24AA64D62}.Debug|Any CPU.Build.0 = Debug|Any CPU
		{AE367161-7F16-4E85-9E20-1BA24AA64D62}.Release|Any CPU.ActiveCfg = Release|Any CPU
		{AE367161-7F16-4E85-9E20-1BA24AA64D62}.Release|Any CPU.Build.0 = Release|Any CPU
		{26C9933A-334A-42CE-81EA-CAAB8FE478F6}.Debug|Any CPU.ActiveCfg = Debug|Any CPU
		{26C9933A-334A-42CE-81EA-CAAB8FE478F6}.Debug|Any CPU.Build.0 = Debug|Any CPU
		{26C9933A-334A-42CE-81EA-CAAB8FE478F6}.Release|Any CPU.ActiveCfg = Release|Any CPU
		{26C9933A-334A-42CE-81EA-CAAB8FE478F6}.Release|Any CPU.Build.0 = Release|Any CPU
	EndGlobalSection
	GlobalSection(SolutionProperties) = preSolution
		HideSolutionNode = FALSE
	EndGlobalSection
	GlobalSection(ExtensibilityGlobals) = postSolution
		SolutionGuid = {3006DFB5-84F2-4262-82DE-41D7A936E042}
	EndGlobalSection
EndGlobal
